
Microsoft Visual Studio Solution File, Format Version 12.00
# Visual Studio Version 18
VisualStudioVersion = 18.4.11626.88 stable
MinimumVisualStudioVersion = 10.0.40219.1
Project("{9A19103F-16F7-4668-BE54-9A1E7A4F7556}") = "STEMPM", "STEMPM\STEMPM.csproj", "{C3D252DA-C8CD-4956-9B07-B15B26E72577}"
EndProject
Project("{2150E333-8FDC-42A3-9474-1A3956D46DE8}") = ".copilot", ".copilot", "{49C52CF4-D388-439F-937F-02F230736306}"
	ProjectSection(SolutionItems) = preProject
		.copilot\copilot-instructions.md = .copilot\copilot-instructions.md
		.copilot\sample-instructions.md = .copilot\sample-instructions.md
	EndProjectSection
EndProject
Project("{2150E333-8FDC-42A3-9474-1A3956D46DE8}") = "agents", "agents", "{F937134A-65AB-4C0B-80AC-D80A7ABC8F1E}"
	ProjectSection(SolutionItems) = preProject
		.copilot\agents\coding-agent.md = .copilot\agents\coding-agent.md
		.copilot\agents\docs-agent.md = .copilot\agents\docs-agent.md
		.copilot\agents\formal-spec-agent.md = .copilot\agents\formal-spec-agent.md
		.copilot\agents\issues-agent.md = .copilot\agents\issues-agent.md
		.copilot\agents\test-agent.md = .copilot\agents\test-agent.md
	EndProjectSection
EndProject
Global
	GlobalSection(SolutionConfigurationPlatforms) = preSolution
		BUTTONPANEL|Any CPU = BUTTONPANEL|Any CPU
		Debug|Any CPU = Debug|Any CPU
		EDEN-Debug|Any CPU = EDEN-Debug|Any CPU
		EDEN-Release|Any CPU = EDEN-Release|Any CPU
		EGICON-Debug|Any CPU = EGICON-Debug|Any CPU
		EGICON-Release|Any CPU = EGICON-Release|Any CPU
		Release|Any CPU = Release|Any CPU
		TOPLIFT-A2-Debug|Any CPU = TOPLIFT-A2-Debug|Any CPU
		TOPLIFT-A2-Release|Any CPU = TOPLIFT-A2-Release|Any CPU
	EndGlobalSection
	GlobalSection(ProjectConfigurationPlatforms) = postSolution
		{C3D252DA-C8CD-4956-9B07-B15B26E72577}.BUTTONPANEL|Any CPU.ActiveCfg = BUTTONPANEL|Any CPU
		{C3D252DA-C8CD-4956-9B07-B15B26E72577}.BUTTONPANEL|Any CPU.Build.0 = BUTTONPANEL|Any CPU
		{C3D252DA-C8CD-4956-9B07-B15B26E72577}.Debug|Any CPU.ActiveCfg = Debug|Any CPU
		{C3D252DA-C8CD-4956-9B07-B15B26E72577}.Debug|Any CPU.Build.0 = Debug|Any CPU
		{C3D252DA-C8CD-4956-9B07-B15B26E72577}.EDEN-Debug|Any CPU.ActiveCfg = EDEN-Debug|Any CPU
		{C3D252DA-C8CD-4956-9B07-B15B26E72577}.EDEN-Debug|Any CPU.Build.0 = EDEN-Debug|Any CPU
		{C3D252DA-C8CD-4956-9B07-B15B26E72577}.EDEN-Release|Any CPU.ActiveCfg = EDEN-Debug|Any CPU
		{C3D252DA-C8CD-4956-9B07-B15B26E72577}.EDEN-Release|Any CPU.Build.0 = EDEN-Debug|Any CPU
		{C3D252DA-C8CD-4956-9B07-B15B26E72577}.EGICON-Debug|Any CPU.ActiveCfg = EGICON-Debug|Any CPU
		{C3D252DA-C8CD-4956-9B07-B15B26E72577}.EGICON-Debug|Any CPU.Build.0 = EGICON-Debug|Any CPU
		{C3D252DA-C8CD-4956-9B07-B15B26E72577}.EGICON-Release|Any CPU.ActiveCfg = EGICON-Release|Any CPU
		{C3D252DA-C8CD-4956-9B07-B15B26E72577}.EGICON-Release|Any CPU.Build.0 = EGICON-Release|Any CPU
		{C3D252DA-C8CD-4956-9B07-B15B26E72577}.Release|Any CPU.ActiveCfg = Release|Any CPU
		{C3D252DA-C8CD-4956-9B07-B15B26E72577}.Release|Any CPU.Build.0 = Release|Any CPU
		{C3D252DA-C8CD-4956-9B07-B15B26E72577}.TOPLIFT-A2-Debug|Any CPU.ActiveCfg = TOPLIFT-A2-Debug|Any CPU
		{C3D252DA-C8CD-4956-9B07-B15B26E72577}.TOPLIFT-A2-Debug|Any CPU.Build.0 = TOPLIFT-A2-Debug|Any CPU
		{C3D252DA-C8CD-4956-9B07-B15B26E72577}.TOPLIFT-A2-Release|Any CPU.ActiveCfg = TOPLIFT-A2-Release|Any CPU
		{C3D252DA-C8CD-4956-9B07-B15B26E72577}.TOPLIFT-A2-Release|Any CPU.Build.0 = TOPLIFT-A2-Release|Any CPU
	EndGlobalSection
	GlobalSection(SolutionProperties) = preSolution
		HideSolutionNode = FALSE
	EndGlobalSection
	GlobalSection(NestedProjects) = preSolution
		{F937134A-65AB-4C0B-80AC-D80A7ABC8F1E} = {49C52CF4-D388-439F-937F-02F230736306}
	EndGlobalSection
	GlobalSection(ExtensibilityGlobals) = postSolution
		SolutionGuid = {2323BD8A-E448-4AD0-A7A8-135B4C530E30}
	EndGlobalSection
EndGlobal
